
Microsoft Visual Studio Solution File, Format Version 12.00
# Visual Studio Version 16
VisualStudioVersion = 16.0.29326.143
MinimumVisualStudioVersion = 10.0.40219.1
Project("{FAE04EC0-301F-11D3-BF4B-00C04F79EFBC}") = "Cruise Ship", "Cruise Ship\Cruise Ship.csproj", "{D09A84E5-6FF8-428D-94E8-5575A3610292}"
EndProject
Global
	GlobalSection(SolutionConfigurationPlatforms) = preSolution
		Debug|Any CPU = Debug|Any CPU
		Release|Any CPU = Release|Any CPU
	EndGlobalSection
	GlobalSection(ProjectConfigurationPlatforms) = postSolution
		{D09A84E5-6FF8-428D-94E8-5575A3610292}.Debug|Any CPU.ActiveCfg = Debug|Any CPU
		{D09A84E5-6FF8-428D-94E8-5575A3610292}.Debug|Any CPU.Build.0 = Debug|Any CPU
		{D09A84E5-6FF8-428D-94E8-5575A3610292}.Release|Any CPU.ActiveCfg = Release|Any CPU
		{D09A84E5-6FF8-428D-94E8-5575A3610292}.Release|Any CPU.Build.0 = Release|Any CPU
	EndGlobalSection
	GlobalSection(SolutionProperties) = preSolution
		HideSolutionNode = FALSE
	EndGlobalSection
	GlobalSection(ExtensibilityGlobals) = postSolution
		SolutionGuid = {FC9D9CEC-9E49-47F9-B373-0F25DDF810D4}
	EndGlobalSection
EndGlobal
