
Microsoft Visual Studio Solution File, Format Version 12.00
# Visual Studio Version 16
VisualStudioVersion = 16.0.29326.143
MinimumVisualStudioVersion = 10.0.40219.1
Project("{FAE04EC0-301F-11D3-BF4B-00C04F79EFBC}") = "Family Trip", "Family Trip\Family Trip.csproj", "{ADB0C72B-41EF-4F33-A310-E9E267D30283}"
EndProject
Global
	GlobalSection(SolutionConfigurationPlatforms) = preSolution
		Debug|Any CPU = Debug|Any CPU
		Release|Any CPU = Release|Any CPU
	EndGlobalSection
	GlobalSection(ProjectConfigurationPlatforms) = postSolution
		{ADB0C72B-41EF-4F33-A310-E9E267D30283}.Debug|Any CPU.ActiveCfg = Debug|Any CPU
		{ADB0C72B-41EF-4F33-A310-E9E267D30283}.Debug|Any CPU.Build.0 = Debug|Any CPU
		{ADB0C72B-41EF-4F33-A310-E9E267D30283}.Release|Any CPU.ActiveCfg = Release|Any CPU
		{ADB0C72B-41EF-4F33-A310-E9E267D30283}.Release|Any CPU.Build.0 = Release|Any CPU
	EndGlobalSection
	GlobalSection(SolutionProperties) = preSolution
		HideSolutionNode = FALSE
	EndGlobalSection
	GlobalSection(ExtensibilityGlobals) = postSolution
		SolutionGuid = {68AA526D-EFC6-4229-9DAD-F6613706F855}
	EndGlobalSection
EndGlobal
