
Microsoft Visual Studio Solution File, Format Version 12.00
# Visual Studio Version 16
VisualStudioVersion = 16.0.29326.143
MinimumVisualStudioVersion = 10.0.40219.1
Project("{FAE04EC0-301F-11D3-BF4B-00C04F79EFBC}") = "Savings", "Savings\Savings.csproj", "{2F823BB6-1E40-48EB-ADB5-3DF2AD25DF1B}"
EndProject
Global
	GlobalSection(SolutionConfigurationPlatforms) = preSolution
		Debug|Any CPU = Debug|Any CPU
		Release|Any CPU = Release|Any CPU
	EndGlobalSection
	GlobalSection(ProjectConfigurationPlatforms) = postSolution
		{2F823BB6-1E40-48EB-ADB5-3DF2AD25DF1B}.Debug|Any CPU.ActiveCfg = Debug|Any CPU
		{2F823BB6-1E40-48EB-ADB5-3DF2AD25DF1B}.Debug|Any CPU.Build.0 = Debug|Any CPU
		{2F823BB6-1E40-48EB-ADB5-3DF2AD25DF1B}.Release|Any CPU.ActiveCfg = Release|Any CPU
		{2F823BB6-1E40-48EB-ADB5-3DF2AD25DF1B}.Release|Any CPU.Build.0 = Release|Any CPU
	EndGlobalSection
	GlobalSection(SolutionProperties) = preSolution
		HideSolutionNode = FALSE
	EndGlobalSection
	GlobalSection(ExtensibilityGlobals) = postSolution
		SolutionGuid = {33A70369-0B4D-41ED-9E3D-F38A01BC712E}
	EndGlobalSection
EndGlobal
