
Microsoft Visual Studio Solution File, Format Version 12.00
# Visual Studio Version 16
VisualStudioVersion = 16.0.29326.143
MinimumVisualStudioVersion = 10.0.40219.1
Project("{FAE04EC0-301F-11D3-BF4B-00C04F79EFBC}") = "Trip Expenses", "Trip Expenses\Trip Expenses.csproj", "{BA722E07-633B-45D3-940D-87C2DF1AC1AD}"
EndProject
Global
	GlobalSection(SolutionConfigurationPlatforms) = preSolution
		Debug|Any CPU = Debug|Any CPU
		Release|Any CPU = Release|Any CPU
	EndGlobalSection
	GlobalSection(ProjectConfigurationPlatforms) = postSolution
		{BA722E07-633B-45D3-940D-87C2DF1AC1AD}.Debug|Any CPU.ActiveCfg = Debug|Any CPU
		{BA722E07-633B-45D3-940D-87C2DF1AC1AD}.Debug|Any CPU.Build.0 = Debug|Any CPU
		{BA722E07-633B-45D3-940D-87C2DF1AC1AD}.Release|Any CPU.ActiveCfg = Release|Any CPU
		{BA722E07-633B-45D3-940D-87C2DF1AC1AD}.Release|Any CPU.Build.0 = Release|Any CPU
	EndGlobalSection
	GlobalSection(SolutionProperties) = preSolution
		HideSolutionNode = FALSE
	EndGlobalSection
	GlobalSection(ExtensibilityGlobals) = postSolution
		SolutionGuid = {1DC5D8B3-15D2-4DB4-AB76-2119F0D911F4}
	EndGlobalSection
EndGlobal
